github.com/apple/foundationdb/bindings/go v0.0.0-20210413171951-1e35e5b533fe h1:QhrlV9EqjMcL43+VXw6osO8UK8OqSKLBqg3ufZTveYc=
github.com/apple/foundationdb/bindings/go v0.0.0-20210413171951-1e35e5b533fe/go.mod h1:w63jdZTFCtvdjsUj5yrdKgjxaAD5uXQX6hJ7EaiLFRs=
golang.org/x/xerrors v0.0.0-20191204190536-9bdfabe68543 h1:E7g+9GITq07hpfrRu66IVDexMakfv52eLZ2CXBWiKr4=
golang.org/x/xerrors v0.0.0-20191204190536-9bdfabe68543/go.mod h1:I/5z698sn9Ka8TeJc9MKroUUfqBBauWjQqLJ2OPfmY0=
